# THIS IS AN AUTOGENERATED FILE. DO NOT EDIT THIS FILE DIRECTLY.
# yarn lockfile v1


"@actions/core@^1.2.4":
  version "1.2.4"
  resolved "https://registry.yarnpkg.com/@actions/core/-/core-1.2.4.tgz#96179dbf9f8d951dd74b40a0dbd5c22555d186ab"
  integrity sha512-YJCEq8BE3CdN8+7HPZ/4DxJjk/OkZV2FFIf+DlZTC/4iBlzYCD5yjRR6eiOS5llO11zbRltIRuKAjMKaWTE6cg==

"@actions/github@^4.0.0":
  version "4.0.0"
  resolved "https://registry.yarnpkg.com/@actions/github/-/github-4.0.0.tgz#d520483151a2bf5d2dc9cd0f20f9ac3a2e458816"
  integrity sha512-Ej/Y2E+VV6sR9X7pWL5F3VgEWrABaT292DRqRU6R4hnQjPtC/zD3nagxVdXWiRQvYDh8kHXo7IDmG42eJ/dOMA==
  dependencies:
    "@actions/http-client" "^1.0.8"
    "@octokit/core" "^3.0.0"
    "@octokit/plugin-paginate-rest" "^2.2.3"
    "@octokit/plugin-rest-endpoint-methods" "^4.0.0"

"@actions/http-client@^1.0.8":
  version "1.0.8"
  resolved "https://registry.yarnpkg.com/@actions/http-client/-/http-client-1.0.8.tgz#8bd76e8eca89dc8bcf619aa128eba85f7a39af45"
  integrity sha512-G4JjJ6f9Hb3Zvejj+ewLLKLf99ZC+9v+yCxoYf9vSyH+WkzPLB2LuUtRMGNkooMqdugGBFStIKXOuvH1W+EctA==
  dependencies:
    tunnel "0.0.6"

"@babel/runtime@^7.6.2", "@babel/runtime@^7.7.4", "@babel/runtime@^7.8.3":
  version "7.10.5"
  resolved "https://registry.yarnpkg.com/@babel/runtime/-/runtime-7.10.5.tgz#303d8bd440ecd5a491eae6117fd3367698674c5c"
  integrity sha512-otddXKhdNn7d0ptoFRHtMLa8LqDxLYwTjB4nYgM1yy5N6gU/MUf8zqyyLltCH3yAVitBzmwK4us+DD0l/MauAg==
  dependencies:
    regenerator-runtime "^0.13.4"

"@erebos/bzz-feed@^0.13.2":
  version "0.13.2"
  resolved "https://registry.yarnpkg.com/@erebos/bzz-feed/-/bzz-feed-0.13.2.tgz#9f5deb91e6c525caad4ca0da2b3d037439ef855d"
  integrity sha512-7K4C4FkgKLmhxQPNA1cUe8nOrkKUYwxh2VZHQPXvi3nkr2W8zTGRTMSlDCxCCK5Sgxd0gMdqykDWzMsSfFP5qA==
  dependencies:
    "@babel/runtime" "^7.8.3"
    "@erebos/hex" "^0.13.0"
    "@erebos/keccak256" "^0.13.1"
    rxjs "^6.5.4"

"@erebos/bzz-node@^0.13.0":
  version "0.13.0"
  resolved "https://registry.yarnpkg.com/@erebos/bzz-node/-/bzz-node-0.13.0.tgz#495240c8b4fa67fa920c52a2d8db2cf82e673e1a"
  integrity sha512-Mmo9awJG/Agj6lPqicj8VRdUELoT9pP2xIVniaoUqIMMZkf+lswXFylkyH578ZCNaehyZTTttaXS5WA+T9UVyA==
  dependencies:
    "@babel/runtime" "^7.8.3"
    "@erebos/bzz" "^0.13.0"
    form-data "^3.0.0"
    node-fetch "^2.6.0"
    tar-stream "^2.1.0"

"@erebos/bzz@^0.13.0":
  version "0.13.0"
  resolved "https://registry.yarnpkg.com/@erebos/bzz/-/bzz-0.13.0.tgz#8ddd4e685c8ed53b5147653e041c21fc35553468"
  integrity sha512-ETjXxeNzT7wGofz0CcrNEc/dLeLg0DALuxpMymrzK+AvLvP8PZUfiFn+tZoupSMGaLldfSLJXweOfs3BimVaRg==
  dependencies:
    "@babel/runtime" "^7.8.3"

"@erebos/client-base@^0.11.0":
  version "0.11.0"
  resolved "https://registry.yarnpkg.com/@erebos/client-base/-/client-base-0.11.0.tgz#93e1e7c411ea02e407bad90f6377a37cfc9953ac"
  integrity sha512-1w6BMRywAb6efrmFQY8plsYn+wOOJMdKuL2Jq7X87ssLFJHsBPy9+LDTKnx2ghaZxgUSXVoxzoZ23aiJH63AGw==
  dependencies:
    "@babel/runtime" "^7.7.4"
    "@erebos/rpc-base" "^0.10.0"
    "@erebos/rpc-stream" "^0.11.0"

"@erebos/hex@^0.13.0":
  version "0.13.0"
  resolved "https://registry.yarnpkg.com/@erebos/hex/-/hex-0.13.0.tgz#20e72252720876ce5dac8e8a4667c65fce11cd34"
  integrity sha512-aKHoLiWX+LeejzHrkM8I52G1EbZGqA/JgmqscrVDJAabjvXgDyaa7fES9218th0D9c115C4pv5mxxNKCoaADpA==
  dependencies:
    "@babel/runtime" "^7.8.3"

"@erebos/keccak256@^0.13.1":
  version "0.13.1"
  resolved "https://registry.yarnpkg.com/@erebos/keccak256/-/keccak256-0.13.1.tgz#7e79d6a781664263fd757ec45f77075bfc8ff7d4"
  integrity sha512-zeNl0p201iv39U9aBnqqV9I4SWvRjAZ8OiN78cemEBBouNvBFisrhurHE8/cOcuwAFQf+6Vfo07tnspQJcsTPQ==
  dependencies:
    "@babel/runtime" "^7.8.3"
    "@erebos/hex" "^0.13.0"
    js-sha3 "^0.8.0"

"@erebos/pss@^0.13.0":
  version "0.13.0"
  resolved "https://registry.yarnpkg.com/@erebos/pss/-/pss-0.13.0.tgz#e32ff184c600104ffbab24f8ce8cc473f639d732"
  integrity sha512-+94j7oqf7GuSiI/VEwsXSuB/3JKplF7Kx5u31W/uIQiYuy4000WDMMlC7LPAi9Ns9E5e9pEkjN7ba9dO/JFlIw==
  dependencies:
    "@babel/runtime" "^7.8.3"
    "@erebos/hex" "^0.13.0"
    "@erebos/rpc-stream" "^0.11.0"
    rxjs "^6.5.4"

"@erebos/rpc-base@^0.10.0":
  version "0.10.0"
  resolved "https://registry.yarnpkg.com/@erebos/rpc-base/-/rpc-base-0.10.0.tgz#f517a7911fa168c3c4ccb6cab25695bd56e2ee2c"
  integrity sha512-cm+y5iILyDxkOhk+klnlCNRALYfWJhzaqKR2BqFZC4qjEmRQHukq7CmDhh+YF0aiFa1tfHF97/W+42+4vGXgJw==
  dependencies:
    "@babel/runtime" "^7.6.2"
    nanoid "^2.1.1"

"@erebos/rpc-error@^0.10.0":
  version "0.10.0"
  resolved "https://registry.yarnpkg.com/@erebos/rpc-error/-/rpc-error-0.10.0.tgz#0f249c41ffbf1b2a6d099d3d45251d1858ecc9bc"
  integrity sha512-w1nzVry+tKyM5mOFtY1fFf/z12N5gHdPWnlKr3QCPdH15gHZD9OhVlaioGRo/oUCbjPrrbdflkdAJMYZsu40tA==
  dependencies:
    "@babel/runtime" "^7.6.2"
    "@erebos/rpc-base" "^0.10.0"

"@erebos/rpc-http-node@^0.11.0":
  version "0.11.0"
  resolved "https://registry.yarnpkg.com/@erebos/rpc-http-node/-/rpc-http-node-0.11.0.tgz#f90fe1a32b87a16859dc630f29d47b25202b68b9"
  integrity sha512-YT0l5aLtDBB6UaJeSg64xlFjtGfk8bPxT0+6VtGhZPq3sdQ1xXUROzJSJNFI3bXFBdSv3+vOfMkGuGf8f7j6Iw==
  dependencies:
    "@babel/runtime" "^7.7.4"
    "@erebos/rpc-request" "^0.11.0"
    "@erebos/transport-http-node" "^0.10.0"

"@erebos/rpc-ipc@^0.11.0":
  version "0.11.0"
  resolved "https://registry.yarnpkg.com/@erebos/rpc-ipc/-/rpc-ipc-0.11.0.tgz#a7b81c9ee1fa60b7f4b8c38569061c0c7da9c6a7"
  integrity sha512-bPUtWWM1AoSZSMbLwvp2mVLfbZYviiOSOsld5aJuCO1w31yitAiT7BaIyEwxGo+PyG+f/mHmdzsiGXpCviXYPQ==
  dependencies:
    "@babel/runtime" "^7.7.4"
    "@erebos/rpc-stream" "^0.11.0"
    "@erebos/transport-ipc" "^0.10.0"
    rxjs "^6.5.3"

"@erebos/rpc-node@^0.11.0":
  version "0.11.0"
  resolved "https://registry.yarnpkg.com/@erebos/rpc-node/-/rpc-node-0.11.0.tgz#03e4e88da82c9729c923a225448821c28e5a9d41"
  integrity sha512-DEmnvEDQ2S9of538IgWsjI6J8FE5LWbx2rbpdRXkdLEojPSrM1oEu1nYtezysPoZW65KxXOKDnAResyd61UynA==
  dependencies:
    "@babel/runtime" "^7.7.4"
    "@erebos/rpc-http-node" "^0.11.0"
    "@erebos/rpc-ipc" "^0.11.0"
    "@erebos/rpc-ws-node" "^0.11.0"
    rxjs "^6.5.3"

"@erebos/rpc-request@^0.11.0":
  version "0.11.0"
  resolved "https://registry.yarnpkg.com/@erebos/rpc-request/-/rpc-request-0.11.0.tgz#77287f8d07b1c77df7945a704404072984e84911"
  integrity sha512-BqPilyIJTSsI+CSGupLNCs7qnz2gVSP36xhihCLzL597Nj+rqKJykNjMbYJ3aOTj0jW0gx6PdwgRwdd1wwNYoA==
  dependencies:
    "@babel/runtime" "^7.7.4"
    "@erebos/rpc-base" "^0.10.0"
    "@erebos/rpc-error" "^0.10.0"

"@erebos/rpc-stream@^0.11.0":
  version "0.11.0"
  resolved "https://registry.yarnpkg.com/@erebos/rpc-stream/-/rpc-stream-0.11.0.tgz#dc38b44bf3cbe7f4c9491e00014bf871bbda87d9"
  integrity sha512-duNWf6tDQ2gjqiLhGrL45nV6Zl0P3acQvtoDEVjQA8wchwCspc59Crq+IrJ2coVN7kOdgIKB9AqvSbGE+pPZEA==
  dependencies:
    "@babel/runtime" "^7.7.4"
    "@erebos/rpc-base" "^0.10.0"
    "@erebos/rpc-error" "^0.10.0"
    rxjs "^6.5.3"

"@erebos/rpc-ws-node@^0.11.0":
  version "0.11.0"
  resolved "https://registry.yarnpkg.com/@erebos/rpc-ws-node/-/rpc-ws-node-0.11.0.tgz#1f775ca15ac32e16064e35f08124991da8724376"
  integrity sha512-9SbnhDNUlIpJuejNAZ/yz9H/qsf7AAaYQksGotwmnrTOyPxoEdrs+DLBOxequWe2krlkiEVL+pojv3YRcKMsGQ==
  dependencies:
    "@babel/runtime" "^7.7.4"
    "@erebos/rpc-stream" "^0.11.0"
    "@erebos/transport-ws-node" "^0.10.0"

"@erebos/secp256k1@^0.10.0":
  version "0.10.0"
  resolved "https://registry.yarnpkg.com/@erebos/secp256k1/-/secp256k1-0.10.0.tgz#4003aae0e8c5d3ac197c576491f3cf15dff5c29a"
  integrity sha512-0mGDq937uQiEE4tyEseEiW8b7ymX/m/ARrXSIyrsYPBJA89A2uj1hLbMQF8fwCBYSD7XA464g1JYQC2r//ZgHQ==
  dependencies:
    "@babel/runtime" "^7.6.2"
    elliptic "^6.5.1"

"@erebos/swarm-node@^0.13.0":
  version "0.13.0"
  resolved "https://registry.yarnpkg.com/@erebos/swarm-node/-/swarm-node-0.13.0.tgz#312ea9c879f72e12f41908ce20fcdcf0fadf3f34"
  integrity sha512-n60Az2of+GMjOL3LIlhehTS2eEk3kVYr57HmUJc6oOsofv88VC55/lM2HKyjCxsIhiRXNgmIAUwigCe/xS1CZw==
  dependencies:
    "@babel/runtime" "^7.8.3"
    "@erebos/bzz" "^0.13.0"
    "@erebos/bzz-node" "^0.13.0"
    "@erebos/client-base" "^0.11.0"
    "@erebos/pss" "^0.13.0"
    "@erebos/rpc-ipc" "^0.11.0"
    "@erebos/rpc-node" "^0.11.0"
    "@erebos/rpc-stream" "^0.11.0"
    "@erebos/rpc-ws-node" "^0.11.0"
    node-fetch "^2.6.0"

"@erebos/transport-http-node@^0.10.0":
  version "0.10.0"
  resolved "https://registry.yarnpkg.com/@erebos/transport-http-node/-/transport-http-node-0.10.0.tgz#b376f92960f77473ea0cc2136618e123a8661f94"
  integrity sha512-Bi0HxhdgoPs2XNzWti6t5RbDAX00sJT3cElLpYVLxHBXxELKFq4v+rhcLtOBpVeIqVWa8RAWZjtA/pzD1RltYA==
  dependencies:
    "@babel/runtime" "^7.6.2"
    node-fetch "^2.6.0"

"@erebos/transport-ipc@^0.10.0":
  version "0.10.0"
  resolved "https://registry.yarnpkg.com/@erebos/transport-ipc/-/transport-ipc-0.10.0.tgz#dbaa8c15906825ab1459a7a0fbea3177aa53513a"
  integrity sha512-Zd4HNv+GqMMzuOFwvygiOdUdJ2luq8MMoRvkr2hHq8qh2jYVssT+OCLrs3r6dRvprxRIXKjJxhJsvzBDEhxvjA==
  dependencies:
    "@babel/runtime" "^7.6.2"
    rx-socket "^0.5.0"
    rxjs "^6.5.3"

"@erebos/transport-ws-node@^0.10.0":
  version "0.10.0"
  resolved "https://registry.yarnpkg.com/@erebos/transport-ws-node/-/transport-ws-node-0.10.0.tgz#3d2c30623f808d74df713bd0a33cb3959e6aec2f"
  integrity sha512-tdxA5mymbVJQcfPflTQ5+Ud/d/CPuzwqv3eLlyxy5uTBPUIcVn3RjMzqh2TCe3qMNbeRBFDV/T17ecrllhkSoA==
  dependencies:
    "@babel/runtime" "^7.6.2"
    rxjs "^6.5.3"
    ws "^7.1.2"

"@octokit/auth-token@^2.4.0":
  version "2.4.2"
  resolved "https://registry.yarnpkg.com/@octokit/auth-token/-/auth-token-2.4.2.tgz#10d0ae979b100fa6b72fa0e8e63e27e6d0dbff8a"
  integrity sha512-jE/lE/IKIz2v1+/P0u4fJqv0kYwXOTujKemJMFr6FeopsxlIK3+wKDCJGnysg81XID5TgZQbIfuJ5J0lnTiuyQ==
  dependencies:
    "@octokit/types" "^5.0.0"

"@octokit/core@^3.0.0":
  version "3.1.1"
  resolved "https://registry.yarnpkg.com/@octokit/core/-/core-3.1.1.tgz#1856745aa8fb154cf1544a2a1b82586c809c5e66"
  integrity sha512-cQ2HGrtyNJ1IBxpTP1U5m/FkMAJvgw7d2j1q3c9P0XUuYilEgF6e4naTpsgm4iVcQeOnccZlw7XHRIUBy0ymcg==
  dependencies:
    "@octokit/auth-token" "^2.4.0"
    "@octokit/graphql" "^4.3.1"
    "@octokit/request" "^5.4.0"
    "@octokit/types" "^5.0.0"
    before-after-hook "^2.1.0"
    universal-user-agent "^6.0.0"

"@octokit/endpoint@^6.0.1":
  version "6.0.5"
  resolved "https://registry.yarnpkg.com/@octokit/endpoint/-/endpoint-6.0.5.tgz#43a6adee813c5ffd2f719e20cfd14a1fee7c193a"
  integrity sha512-70K5u6zd45ItOny6aHQAsea8HHQjlQq85yqOMe+Aj8dkhN2qSJ9T+Q3YjUjEYfPRBcuUWNgMn62DQnP/4LAIiQ==
  dependencies:
    "@octokit/types" "^5.0.0"
    is-plain-object "^4.0.0"
    universal-user-agent "^6.0.0"

"@octokit/graphql@^4.3.1":
  version "4.5.2"
  resolved "https://registry.yarnpkg.com/@octokit/graphql/-/graphql-4.5.2.tgz#33021ebf94939cf47562823851ab11fe64392274"
  integrity sha512-SpB/JGdB7bxRj8qowwfAXjMpICUYSJqRDj26MKJAryRQBqp/ZzARsaO2LEFWzDaps0FLQoPYVGppS0HQXkBhdg==
  dependencies:
    "@octokit/request" "^5.3.0"
    "@octokit/types" "^5.0.0"
    universal-user-agent "^6.0.0"

"@octokit/plugin-paginate-rest@^2.2.3":
  version "2.3.0"
  resolved "https://registry.yarnpkg.com/@octokit/plugin-paginate-rest/-/plugin-paginate-rest-2.3.0.tgz#7d1073e56cfd15d3f99dcfe81fa5d2b466f3a6f6"
  integrity sha512-Ye2ZJreP0ZlqJQz8fz+hXvrEAEYK4ay7br1eDpWzr6j76VXs/gKqxFcH8qRzkB3fo/2xh4Vy9VtGii4ZDc9qlA==
  dependencies:
    "@octokit/types" "^5.2.0"

"@octokit/plugin-rest-endpoint-methods@^4.0.0":
  version "4.1.2"
  resolved "https://registry.yarnpkg.com/@octokit/plugin-rest-endpoint-methods/-/plugin-rest-endpoint-methods-4.1.2.tgz#546a8f3e0b514f434a4ad4ef926005f1c81a5a5a"
  integrity sha512-PTI7wpbGEZ2IR87TVh+TNWaLcgX/RsZQalFbQCq8XxYUrQ36RHyERrHSNXFy5gkWpspUAOYRSV707JJv6BhqJA==
  dependencies:
    "@octokit/types" "^5.1.1"
    deprecation "^2.3.1"

"@octokit/request-error@^2.0.0":
  version "2.0.2"
  resolved "https://registry.yarnpkg.com/@octokit/request-error/-/request-error-2.0.2.tgz#0e76b83f5d8fdda1db99027ea5f617c2e6ba9ed0"
  integrity sha512-2BrmnvVSV1MXQvEkrb9zwzP0wXFNbPJij922kYBTLIlIafukrGOb+ABBT2+c6wZiuyWDH1K1zmjGQ0toN/wMWw==
  dependencies:
    "@octokit/types" "^5.0.1"
    deprecation "^2.0.0"
    once "^1.4.0"

"@octokit/request@^5.3.0", "@octokit/request@^5.4.0":
  version "5.4.7"
  resolved "https://registry.yarnpkg.com/@octokit/request/-/request-5.4.7.tgz#fd703ee092e0463ceba49ff7a3e61cb4cf8a0fde"
  integrity sha512-FN22xUDP0i0uF38YMbOfx6TotpcENP5W8yJM1e/LieGXn6IoRxDMnBf7tx5RKSW4xuUZ/1P04NFZy5iY3Rax1A==
  dependencies:
    "@octokit/endpoint" "^6.0.1"
    "@octokit/request-error" "^2.0.0"
    "@octokit/types" "^5.0.0"
    deprecation "^2.0.0"
    is-plain-object "^4.0.0"
    node-fetch "^2.3.0"
    once "^1.4.0"
    universal-user-agent "^6.0.0"

"@octokit/types@^5.0.0", "@octokit/types@^5.0.1", "@octokit/types@^5.1.1", "@octokit/types@^5.2.0":
  version "5.2.0"
  resolved "https://registry.yarnpkg.com/@octokit/types/-/types-5.2.0.tgz#d075dc23bf293f540739250b6879e2c1be2fc20c"
  integrity sha512-XjOk9y4m8xTLIKPe1NFxNWBdzA2/z3PFFA/bwf4EoH6oS8hM0Y46mEa4Cb+KCyj/tFDznJFahzQ0Aj3o1FYq4A==
  dependencies:
    "@types/node" ">= 8"

"@types/node@>= 8":
  version "14.0.26"
  resolved "https://registry.yarnpkg.com/@types/node/-/node-14.0.26.tgz#22a3b8a46510da8944b67bfc27df02c34a35331c"
  integrity sha512-W+fpe5s91FBGE0pEa0lnqGLL4USgpLgs4nokw16SrBBco/gQxuua7KnArSEOd5iaMqbbSHV10vUDkJYJJqpXKA==

"@zeit/ncc@^0.22.3":
  version "0.22.3"
  resolved "https://registry.yarnpkg.com/@zeit/ncc/-/ncc-0.22.3.tgz#fca6b86b4454ce7a7e1e7e755165ec06457f16cd"
  integrity sha512-jnCLpLXWuw/PAiJiVbLjA8WBC0IJQbFeUwF4I9M+23MvIxTxk5pD4Q8byQBSPmHQjz5aBoA7AKAElQxMpjrCLQ==

asynckit@^0.4.0:
  version "0.4.0"
  resolved "https://registry.yarnpkg.com/asynckit/-/asynckit-0.4.0.tgz#c79ed97f7f34cb8f2ba1bc9790bcc366474b4b79"
  integrity sha1-x57Zf380y48robyXkLzDZkdLS3k=

balanced-match@^1.0.0:
  version "1.0.0"
  resolved "https://registry.yarnpkg.com/balanced-match/-/balanced-match-1.0.0.tgz#89b4d199ab2bee49de164ea02b89ce462d71b767"
  integrity sha1-ibTRmasr7kneFk6gK4nORi1xt2c=

base64-js@^1.0.2:
  version "1.3.1"
  resolved "https://registry.yarnpkg.com/base64-js/-/base64-js-1.3.1.tgz#58ece8cb75dd07e71ed08c736abc5fac4dbf8df1"
  integrity sha512-mLQ4i2QO1ytvGWFWmcngKO//JXAQueZvwEKtjgQFM4jIK0kU+ytMfplL8j+n5mspOfjHwoAg+9yhb7BwAHm36g==

before-after-hook@^2.1.0:
  version "2.1.0"
  resolved "https://registry.yarnpkg.com/before-after-hook/-/before-after-hook-2.1.0.tgz#b6c03487f44e24200dd30ca5e6a1979c5d2fb635"
  integrity sha512-IWIbu7pMqyw3EAJHzzHbWa85b6oud/yfKYg5rqB5hNE8CeMi3nX+2C2sj0HswfblST86hpVEOAb9x34NZd6P7A==

bl@^4.0.1:
  version "4.0.2"
  resolved "https://registry.yarnpkg.com/bl/-/bl-4.0.2.tgz#52b71e9088515d0606d9dd9cc7aa48dc1f98e73a"
  integrity sha512-j4OH8f6Qg2bGuWfRiltT2HYGx0e1QcBTrK9KAHNMwMZdQnDZFk0ZSYIpADjYCB3U12nicC5tVJwSIhwOWjb4RQ==
  dependencies:
    buffer "^5.5.0"
    inherits "^2.0.4"
    readable-stream "^3.4.0"

bn.js@^4.4.0:
  version "4.11.9"
  resolved "https://registry.yarnpkg.com/bn.js/-/bn.js-4.11.9.tgz#26d556829458f9d1e81fc48952493d0ba3507828"
  integrity sha512-E6QoYqCKZfgatHTdHzs1RRKP7ip4vvm+EyRUeE2RF0NblwVvb0p6jSVeNTOFxPn26QXN2o6SMfNxKp6kU8zQaw==

brace-expansion@^1.1.7:
  version "1.1.11"
  resolved "https://registry.yarnpkg.com/brace-expansion/-/brace-expansion-1.1.11.tgz#3c7fcbf529d87226f3d2f52b966ff5271eb441dd"
  integrity sha512-iCuPHDFgrHX7H2vEI/5xpz07zSHB00TpugqhmYtVmMO6518mCuRMoOYFldEBl0g187ufozdaHgWKcYFb61qGiA==
  dependencies:
    balanced-match "^1.0.0"
    concat-map "0.0.1"

brorand@^1.0.1:
  version "1.1.0"
  resolved "https://registry.yarnpkg.com/brorand/-/brorand-1.1.0.tgz#12c25efe40a45e3c323eb8675a0a0ce57b22371f"
  integrity sha1-EsJe/kCkXjwyPrhnWgoM5XsiNx8=

buffer@^5.5.0:
  version "5.6.0"
  resolved "https://registry.yarnpkg.com/buffer/-/buffer-5.6.0.tgz#a31749dc7d81d84db08abf937b6b8c4033f62786"
  integrity sha512-/gDYp/UtU0eA1ys8bOs9J6a+E/KWIY+DZ+Q2WESNUA0jFRsJOc0SNUO6xJ5SGA1xueg3NL65W6s+NY5l9cunuw==
  dependencies:
    base64-js "^1.0.2"
    ieee754 "^1.1.4"

combined-stream@^1.0.8:
  version "1.0.8"
  resolved "https://registry.yarnpkg.com/combined-stream/-/combined-stream-1.0.8.tgz#c3d45a8b34fd730631a110a8a2520682b31d5a7f"
  integrity sha512-FQN4MRfuJeHf7cBbBMJFXhKSDq+2kAArBlmRBvcvFE5BB1HZKXtSFASDhdlz9zOYwxh8lDdnvmMOe/+5cdoEdg==
  dependencies:
    delayed-stream "~1.0.0"

concat-map@0.0.1:
  version "0.0.1"
  resolved "https://registry.yarnpkg.com/concat-map/-/concat-map-0.0.1.tgz#d8a96bd77fd68df7793a73036a3ba0d5405d477b"
  integrity sha1-2Klr13/Wjfd5OnMDajug1UBdR3s=

delayed-stream@~1.0.0:
  version "1.0.0"
  resolved "https://registry.yarnpkg.com/delayed-stream/-/delayed-stream-1.0.0.tgz#df3ae199acadfb7d440aaae0b29e2272b24ec619"
  integrity sha1-3zrhmayt+31ECqrgsp4icrJOxhk=

deprecation@^2.0.0, deprecation@^2.3.1:
  version "2.3.1"
  resolved "https://registry.yarnpkg.com/deprecation/-/deprecation-2.3.1.tgz#6368cbdb40abf3373b525ac87e4a260c3a700919"
  integrity sha512-xmHIy4F3scKVwMsQ4WnVaS8bHOx0DmVwRywosKhaILI0ywMDWPtBSku2HNxRvF7jtwDRsoEwYQSfbxj8b7RlJQ==

elliptic@^6.5.1:
  version "6.5.3"
  resolved "https://registry.yarnpkg.com/elliptic/-/elliptic-6.5.3.tgz#cb59eb2efdaf73a0bd78ccd7015a62ad6e0f93d6"
  integrity sha512-IMqzv5wNQf+E6aHeIqATs0tOLeOTwj1QKbRcS3jBbYkl5oLAserA8yJTT7/VyHUYG91PRmPyeQDObKLPpeS4dw==
  dependencies:
    bn.js "^4.4.0"
    brorand "^1.0.1"
    hash.js "^1.0.0"
    hmac-drbg "^1.0.0"
    inherits "^2.0.1"
    minimalistic-assert "^1.0.0"
    minimalistic-crypto-utils "^1.0.0"

end-of-stream@^1.4.1:
  version "1.4.4"
  resolved "https://registry.yarnpkg.com/end-of-stream/-/end-of-stream-1.4.4.tgz#5ae64a5f45057baf3626ec14da0ca5e4b2431eb0"
  integrity sha512-+uw1inIHVPQoaVuHzRyXd21icM+cnt4CzD5rW+NC1wjOUSTOs+Te7FOv7AhN7vS9x/oIyhLP5PR1H+phQAHu5Q==
  dependencies:
    once "^1.4.0"

form-data@^3.0.0:
  version "3.0.0"
  resolved "https://registry.yarnpkg.com/form-data/-/form-data-3.0.0.tgz#31b7e39c85f1355b7139ee0c647cf0de7f83c682"
  integrity sha512-CKMFDglpbMi6PyN+brwB9Q/GOw0eAnsrEZDgcsH5Krhz5Od/haKHAX0NmQfha2zPPz0JpWzA7GJHGSnvCRLWsg==
  dependencies:
    asynckit "^0.4.0"
    combined-stream "^1.0.8"
    mime-types "^2.1.12"

fs-constants@^1.0.0:
  version "1.0.0"
  resolved "https://registry.yarnpkg.com/fs-constants/-/fs-constants-1.0.0.tgz#6be0de9be998ce16af8afc24497b9ee9b7ccd9ad"
  integrity sha512-y6OAwoSIf7FyjMIv94u+b5rdheZEjzR63GTyZJm5qh4Bi+2YgwLCcI/fPFZkL5PSixOt6ZNKm+w+Hfp/Bciwow==

fs.realpath@^1.0.0:
  version "1.0.0"
  resolved "https://registry.yarnpkg.com/fs.realpath/-/fs.realpath-1.0.0.tgz#1504ad2523158caa40db4a2787cb01411994ea4f"
  integrity sha1-FQStJSMVjKpA20onh8sBQRmU6k8=

glob@^7.1.6:
  version "7.1.6"
  resolved "https://registry.yarnpkg.com/glob/-/glob-7.1.6.tgz#141f33b81a7c2492e125594307480c46679278a6"
  integrity sha512-LwaxwyZ72Lk7vZINtNNrywX0ZuLyStrdDtabefZKAY5ZGJhVtgdznluResxNmPitE0SAO+O26sWTHeKSI2wMBA==
  dependencies:
    fs.realpath "^1.0.0"
    inflight "^1.0.4"
    inherits "2"
    minimatch "^3.0.4"
    once "^1.3.0"
    path-is-absolute "^1.0.0"

hash.js@^1.0.0, hash.js@^1.0.3:
  version "1.1.7"
  resolved "https://registry.yarnpkg.com/hash.js/-/hash.js-1.1.7.tgz#0babca538e8d4ee4a0f8988d68866537a003cf42"
  integrity sha512-taOaskGt4z4SOANNseOviYDvjEJinIkRgmp7LbKP2YTTmVxWBl87s/uzK9r+44BclBSp2X7K1hqeNfz9JbBeXA==
  dependencies:
    inherits "^2.0.3"
    minimalistic-assert "^1.0.1"

hmac-drbg@^1.0.0:
  version "1.0.1"
  resolved "https://registry.yarnpkg.com/hmac-drbg/-/hmac-drbg-1.0.1.tgz#d2745701025a6c775a6c545793ed502fc0c649a1"
  integrity sha1-0nRXAQJabHdabFRXk+1QL8DGSaE=
  dependencies:
    hash.js "^1.0.3"
    minimalistic-assert "^1.0.0"
    minimalistic-crypto-utils "^1.0.1"

http-https@^1.0.0:
  version "1.0.0"
  resolved "https://registry.yarnpkg.com/http-https/-/http-https-1.0.0.tgz#2f908dd5f1db4068c058cd6e6d4ce392c913389b"
  integrity sha1-L5CN1fHbQGjAWM1ubUzjkskTOJs=

ieee754@^1.1.4:
  version "1.1.13"
  resolved "https://registry.yarnpkg.com/ieee754/-/ieee754-1.1.13.tgz#ec168558e95aa181fd87d37f55c32bbcb6708b84"
  integrity sha512-4vf7I2LYV/HaWerSo3XmlMkp5eZ83i+/CDluXi/IGTs/O1sejBNhTtnxzmRZfvOUqj7lZjqHkeTvpgSFDlWZTg==

inflight@^1.0.4:
  version "1.0.6"
  resolved "https://registry.yarnpkg.com/inflight/-/inflight-1.0.6.tgz#49bd6331d7d02d0c09bc910a1075ba8165b56df9"
  integrity sha1-Sb1jMdfQLQwJvJEKEHW6gWW1bfk=
  dependencies:
    once "^1.3.0"
    wrappy "1"

inherits@2, inherits@^2.0.1, inherits@^2.0.3, inherits@^2.0.4:
  version "2.0.4"
  resolved "https://registry.yarnpkg.com/inherits/-/inherits-2.0.4.tgz#0fa2c64f932917c3433a0ded55363aae37416b7c"
  integrity sha512-k/vGaX4/Yla3WzyMCvTQOXYeIHvqOKtnqBduzTHpzpQZzAskKMhZ2K+EnBiSM9zGSoIFeMpXKxa4dYeZIQqewQ==

is-plain-object@^4.0.0:
  version "4.1.1"
  resolved "https://registry.yarnpkg.com/is-plain-object/-/is-plain-object-4.1.1.tgz#1a14d6452cbd50790edc7fdaa0aed5a40a35ebb5"
  integrity sha512-5Aw8LLVsDlZsETVMhoMXzqsXwQqr/0vlnBYzIXJbYo2F4yYlhLHs+Ez7Bod7IIQKWkJbJfxrWD7pA1Dw1TKrwA==

js-sha3@^0.8.0:
  version "0.8.0"
  resolved "https://registry.yarnpkg.com/js-sha3/-/js-sha3-0.8.0.tgz#b9b7a5da73afad7dedd0f8c463954cbde6818840"
  integrity sha512-gF1cRrHhIzNfToc802P800N8PpXS+evLLXfsVpowqmAFR9uwbi89WvXg2QspOmXL8QL86J4T1EpFu+yUkwJY3Q==

mime-db@1.44.0:
  version "1.44.0"
  resolved "https://registry.yarnpkg.com/mime-db/-/mime-db-1.44.0.tgz#fa11c5eb0aca1334b4233cb4d52f10c5a6272f92"
  integrity sha512-/NOTfLrsPBVeH7YtFPgsVWveuL+4SjjYxaQ1xtM1KMFj7HdxlBlxeyNLzhyJVx7r4rZGJAZ/6lkKCitSc/Nmpg==

mime-types@^2.1.12, mime-types@^2.1.27:
  version "2.1.27"
  resolved "https://registry.yarnpkg.com/mime-types/-/mime-types-2.1.27.tgz#47949f98e279ea53119f5722e0f34e529bec009f"
  integrity sha512-JIhqnCasI9yD+SsmkquHBxTSEuZdQX5BuQnS2Vc7puQQQ+8yiP5AY5uWhpdv4YL4VM5c6iliiYWPgJ/nJQLp7w==
  dependencies:
    mime-db "1.44.0"

minimalistic-assert@^1.0.0, minimalistic-assert@^1.0.1:
  version "1.0.1"
  resolved "https://registry.yarnpkg.com/minimalistic-assert/-/minimalistic-assert-1.0.1.tgz#2e194de044626d4a10e7f7fbc00ce73e83e4d5c7"
  integrity sha512-UtJcAD4yEaGtjPezWuO9wC4nwUnVH/8/Im3yEHQP4b67cXlD/Qr9hdITCU1xDbSEXg2XKNaP8jsReV7vQd00/A==

minimalistic-crypto-utils@^1.0.0, minimalistic-crypto-utils@^1.0.1:
  version "1.0.1"
  resolved "https://registry.yarnpkg.com/minimalistic-crypto-utils/-/minimalistic-crypto-utils-1.0.1.tgz#f6c00c1c0b082246e5c4d99dfb8c7c083b2b582a"
  integrity sha1-9sAMHAsIIkblxNmd+4x8CDsrWCo=

minimatch@^3.0.4:
  version "3.0.4"
  resolved "https://registry.yarnpkg.com/minimatch/-/minimatch-3.0.4.tgz#5166e286457f03306064be5497e8dbb0c3d32083"
  integrity sha512-yJHVQEhyqPLUTgt9B83PXu6W3rx4MvvHvSUvToogpwoGDOUQ+yDrR0HRot+yOCdCO7u4hX3pWft6kWBBcqh0UA==
  dependencies:
    brace-expansion "^1.1.7"

nanoid@^2.1.1:
  version "2.1.11"
  resolved "https://registry.yarnpkg.com/nanoid/-/nanoid-2.1.11.tgz#ec24b8a758d591561531b4176a01e3ab4f0f0280"
  integrity sha512-s/snB+WGm6uwi0WjsZdaVcuf3KJXlfGl2LcxgwkEwJF0D/BWzVWAZW/XY4bFaiR7s0Jk3FPvlnepg1H1b1UwlA==

node-fetch@^2.3.0, node-fetch@^2.6.0:
  version "2.6.1"
  resolved "https://registry.yarnpkg.com/node-fetch/-/node-fetch-2.6.1.tgz#045bd323631f76ed2e2b55573394416b639a0052"
  integrity sha512-V4aYg89jEoVRxRb2fJdAg8FHvI7cEyYdVAh94HH0UIK8oJxUfkjlDQN9RbMx+bEjP7+ggMiFRprSti032Oipxw==

oboe@^2.1.4:
  version "2.1.5"
  resolved "https://registry.yarnpkg.com/oboe/-/oboe-2.1.5.tgz#5554284c543a2266d7a38f17e073821fbde393cd"
  integrity sha1-VVQoTFQ6ImbXo48X4HOCH73jk80=
  dependencies:
    http-https "^1.0.0"

once@^1.3.0, once@^1.4.0:
  version "1.4.0"
  resolved "https://registry.yarnpkg.com/once/-/once-1.4.0.tgz#583b1aa775961d4b113ac17d9c50baef9dd76bd1"
  integrity sha1-WDsap3WWHUsROsF9nFC6753Xa9E=
  dependencies:
    wrappy "1"

path-is-absolute@^1.0.0:
  version "1.0.1"
  resolved "https://registry.yarnpkg.com/path-is-absolute/-/path-is-absolute-1.0.1.tgz#174b9268735534ffbc7ace6bf53a5a9e1b5c5f5f"
  integrity sha1-F0uSaHNVNP+8es5r9TpanhtcX18=

readable-stream@^3.1.1, readable-stream@^3.4.0:
  version "3.6.0"
  resolved "https://registry.yarnpkg.com/readable-stream/-/readable-stream-3.6.0.tgz#337bbda3adc0706bd3e024426a286d4b4b2c9198"
  integrity sha512-BViHy7LKeTz4oNnkcLJ+lVSL6vpiFeX6/d3oSH8zCW7UxP2onchk+vTGB143xuFjHS3deTgkKoXXymXqymiIdA==
  dependencies:
    inherits "^2.0.3"
    string_decoder "^1.1.1"
    util-deprecate "^1.0.1"

regenerator-runtime@^0.13.4:
  version "0.13.7"
  resolved "https://registry.yarnpkg.com/regenerator-runtime/-/regenerator-runtime-0.13.7.tgz#cac2dacc8a1ea675feaabaeb8ae833898ae46f55"
  integrity sha512-a54FxoJDIr27pgf7IgeQGxmqUNYrcV338lf/6gH456HZ/PhX+5BcwHXG9ajESmwe6WRO0tAzRUrRmNONWgkrew==

rx-socket@^0.5.0:
  version "0.5.0"
  resolved "https://registry.yarnpkg.com/rx-socket/-/rx-socket-0.5.0.tgz#2bbd2722e7d50a40a05f2dd0bcd7dfec9b01379d"
  integrity sha512-5wRdByrd4Y11XK+n8zyBMVK07jQaX7NPQblWLBDnps66vu8DyIIgLWgQVJTy/8VUmwpogLyG7ghCVHa9XRfULQ==
  dependencies:
    oboe "^2.1.4"

rxjs@^6.5.3, rxjs@^6.5.4:
  version "6.6.0"
  resolved "https://registry.yarnpkg.com/rxjs/-/rxjs-6.6.0.tgz#af2901eedf02e3a83ffa7f886240ff9018bbec84"
  integrity sha512-3HMA8z/Oz61DUHe+SdOiQyzIf4tOx5oQHmMir7IZEu6TMqCLHT4LRcmNaUS0NwOz8VLvmmBduMsoaUvMaIiqzg==
  dependencies:
    tslib "^1.9.0"

safe-buffer@~5.2.0:
  version "5.2.1"
  resolved "https://registry.yarnpkg.com/safe-buffer/-/safe-buffer-5.2.1.tgz#1eaf9fa9bdb1fdd4ec75f58f9cdb4e6b7827eec6"
  integrity sha512-rp3So07KcdmmKbGvgaNxQSJr7bGVSVk5S9Eq1F+ppbRo70+YeaDxkw5Dd8NPN+GD6bjnYm2VuPuCXmpuYvmCXQ==

string_decoder@^1.1.1:
  version "1.3.0"
  resolved "https://registry.yarnpkg.com/string_decoder/-/string_decoder-1.3.0.tgz#42f114594a46cf1a8e30b0a84f56c78c3edac21e"
  integrity sha512-hkRX8U1WjJFd8LsDJ2yQ/wWWxaopEsABU1XfkM8A+j0+85JAGppt16cr1Whg6KIbb4okU6Mql6BOj+uup/wKeA==
  dependencies:
    safe-buffer "~5.2.0"

tar-stream@^2.1.0:
  version "2.1.3"
  resolved "https://registry.yarnpkg.com/tar-stream/-/tar-stream-2.1.3.tgz#1e2022559221b7866161660f118255e20fa79e41"
  integrity sha512-Z9yri56Dih8IaK8gncVPx4Wqt86NDmQTSh49XLZgjWpGZL9GK9HKParS2scqHCC4w6X9Gh2jwaU45V47XTKwVA==
  dependencies:
    bl "^4.0.1"
    end-of-stream "^1.4.1"
    fs-constants "^1.0.0"
    inherits "^2.0.3"
    readable-stream "^3.1.1"

tslib@^1.9.0:
  version "1.13.0"
  resolved "https://registry.yarnpkg.com/tslib/-/tslib-1.13.0.tgz#c881e13cc7015894ed914862d276436fa9a47043"
  integrity sha512-i/6DQjL8Xf3be4K/E6Wgpekn5Qasl1usyw++dAA35Ue5orEn65VIxOA+YvNNl9HV3qv70T7CNwjODHZrLwvd1Q==

tunnel@0.0.6:
  version "0.0.6"
  resolved "https://registry.yarnpkg.com/tunnel/-/tunnel-0.0.6.tgz#72f1314b34a5b192db012324df2cc587ca47f92c"
  integrity sha512-1h/Lnq9yajKY2PEbBadPXj3VxsDDu844OnaAo52UVmIzIvwwtBPIuNvkjuzBlTWpfJyUbG3ez0KSBibQkj4ojg==

universal-user-agent@^6.0.0:
  version "6.0.0"
  resolved "https://registry.yarnpkg.com/universal-user-agent/-/universal-user-agent-6.0.0.tgz#3381f8503b251c0d9cd21bc1de939ec9df5480ee"
  integrity sha512-isyNax3wXoKaulPDZWHQqbmIx1k2tb9fb3GGDBRxCscfYV2Ch7WxPArBsFEG8s/safwXTT7H4QGhaIkTp9447w==

util-deprecate@^1.0.1:
  version "1.0.2"
  resolved "https://registry.yarnpkg.com/util-deprecate/-/util-deprecate-1.0.2.tgz#450d4dc9fa70de732762fbd2d4a28981419a0ccf"
  integrity sha1-RQ1Nyfpw3nMnYvvS1KKJgUGaDM8=

wrappy@1:
  version "1.0.2"
  resolved "https://registry.yarnpkg.com/wrappy/-/wrappy-1.0.2.tgz#b5243d8f3ec1aa35f1364605bc0d1036e30ab69f"
  integrity sha1-tSQ9jz7BqjXxNkYFvA0QNuMKtp8=

ws@^7.1.2:
  version "7.3.1"
  resolved "https://registry.yarnpkg.com/ws/-/ws-7.3.1.tgz#d0547bf67f7ce4f12a72dfe31262c68d7dc551c8"
  integrity sha512-D3RuNkynyHmEJIpD2qrgVkc9DQ23OrN/moAwZX4L8DfvszsJxpjQuUq3LMx6HoYji9fbIOBY18XWBsAux1ZZUA==
